
Microsoft Visual Studio Solution File, Format Version 12.00
# Visual Studio 15
VisualStudioVersion = 15.0.27703.2026
MinimumVisualStudioVersion = 10.0.40219.1
Project("{FAE04EC0-301F-11D3-BF4B-00C04F79EFBC}") = "DVCS_Website", "DVCS_Website\DVCS_Website.csproj", "{A3E50F86-EFD5-40F3-9871-412E9515AE25}"
EndProject
Global
	GlobalSection(SolutionConfigurationPlatforms) = preSolution
		Debug|Any CPU = Debug|Any CPU
		Release|Any CPU = Release|Any CPU
	EndGlobalSection
	GlobalSection(ProjectConfigurationPlatforms) = postSolution
		{A3E50F86-EFD5-40F3-9871-412E9515AE25}.Debug|Any CPU.ActiveCfg = Debug|Any CPU
		{A3E50F86-EFD5-40F3-9871-412E9515AE25}.Debug|Any CPU.Build.0 = Debug|Any CPU
		{A3E50F86-EFD5-40F3-9871-412E9515AE25}.Release|Any CPU.ActiveCfg = Release|Any CPU
		{A3E50F86-EFD5-40F3-9871-412E9515AE25}.Release|Any CPU.Build.0 = Release|Any CPU
	EndGlobalSection
	GlobalSection(SolutionProperties) = preSolution
		HideSolutionNode = FALSE
	EndGlobalSection
	GlobalSection(ExtensibilityGlobals) = postSolution
		SolutionGuid = {7D3D6957-F446-4125-A789-42CDB199C9CB}
	EndGlobalSection
EndGlobal
